schema: '2.0'
stages:
  load_data:
    cmd: python src/load_data.py --config=params.yaml
    deps:
    - path: data_given/winequality.csv
      hash: md5
      md5: ccc8d3507eb151f53f760d36abdef888
      size: 91998
    - path: src/get_data.py
      hash: md5
      md5: 1ac46e2c4725042c67941196c28185ef
      size: 714
    - path: src/load_data.py
      hash: md5
      md5: d431bfecdf4a248b65cda0896c7aeca4
      size: 682
    outs:
    - path: data/raw/winequality.csv
      hash: md5
      md5: 069b522b0321bc25a626ceeffcb8eb44
      size: 93598
  split_data:
    cmd: python src/split_data.py --config=params.yaml
    deps:
    - path: data/raw/winequality.csv
      hash: md5
      md5: 069b522b0321bc25a626ceeffcb8eb44
      size: 93598
    - path: src/split_data.py
      hash: md5
      md5: c302cca510fc827d985f58a48c2d92f8
      size: 1117
    outs:
    - path: data/processed/test_winequality.csv
      hash: md5
      md5: ee3284843265e5855bc07dd6427ab1c2
      size: 18831
    - path: data/processed/train_winequality.csv
      hash: md5
      md5: 81dce00e053ba5ebabeacf8e7dca537a
      size: 74913
  train_and_evaluate:
    cmd: python src/train_and_evaluate.py --config=params.yaml
    deps:
    - path: data/processed/test_winequality.csv
      hash: md5
      md5: ee3284843265e5855bc07dd6427ab1c2
      size: 18831
    - path: data/processed/train_winequality.csv
      hash: md5
      md5: 81dce00e053ba5ebabeacf8e7dca537a
      size: 74913
    - path: src/train_and_evaluate.py
      hash: md5
      md5: d47d5146a93ab6c3557e025c22517aa2
      size: 2898
    params:
      params.yaml:
        estimators.ElasticNet.params.alpha: 0.9
        estimators.ElasticNet.params.l1_ratio: 0.6
    outs:
    - path: report/params.json
      hash: md5
      md5: a9f0d2693279357f4cefbe038707a51a
      size: 44
    - path: report/scores.json
      hash: md5
      md5: 2cb049a4bae3a896a0fea865db0d39fe
      size: 100
    - path: saved_models/model.joblib
      hash: md5
      md5: 63ab17027c9ac26348b87466a3ac67cf
      size: 1279
